// !$*UTF8*$!
{
	archiveVersion = 1;
	classes = {
	};
	objectVersion = 52;
	objects = {

/* Begin PBXBuildFile section */
		A242CF0A24C7652A007AF08D /* EditDifficultyMessage.swift in Sources */ = {isa = PBXBuildFile; fileRef = A242CF0924C7652A007AF08D /* EditDifficultyMessage.swift */; };
		A242CF0C24C7658B007AF08D /* MultilineTextView.swift in Sources */ = {isa = PBXBuildFile; fileRef = A242CF0B24C7658B007AF08D /* MultilineTextView.swift */; };
		A242CF0F24C7A015007AF08D /* TextView in Frameworks */ = {isa = PBXBuildFile; productRef = A242CF0E24C7A015007AF08D /* TextView */; };
		A261CFEC24B942D3009A59D5 /* AppDelegate.swift in Sources */ = {isa = PBXBuildFile; fileRef = A261CFEB24B942D3009A59D5 /* AppDelegate.swift */; };
		A261CFEE24B942D3009A59D5 /* SceneDelegate.swift in Sources */ = {isa = PBXBuildFile; fileRef = A261CFED24B942D3009A59D5 /* SceneDelegate.swift */; };
		A261CFF024B942D3009A59D5 /* ContentView.swift in Sources */ = {isa = PBXBuildFile; fileRef = A261CFEF24B942D3009A59D5 /* ContentView.swift */; };
		A261CFF224B942D3009A59D5 /* Assets.xcassets in Resources */ = {isa = PBXBuildFile; fileRef = A261CFF124B942D3009A59D5 /* Assets.xcassets */; };
		A261CFF524B942D3009A59D5 /* Preview Assets.xcassets in Resources */ = {isa = PBXBuildFile; fileRef = A261CFF424B942D3009A59D5 /* Preview Assets.xcassets */; };
		A261CFF824B942D3009A59D5 /* LaunchScreen.storyboard in Resources */ = {isa = PBXBuildFile; fileRef = A261CFF624B942D3009A59D5 /* LaunchScreen.storyboard */; };
		A261D00224B94360009A59D5 /* QuickStartButton.swift in Sources */ = {isa = PBXBuildFile; fileRef = A261D00124B94360009A59D5 /* QuickStartButton.swift */; };
		A261D00424B94464009A59D5 /* MessagesComposeView.swift in Sources */ = {isa = PBXBuildFile; fileRef = A261D00324B94464009A59D5 /* MessagesComposeView.swift */; };
		A261D00624B9449F009A59D5 /* Library.swift in Sources */ = {isa = PBXBuildFile; fileRef = A261D00524B9449F009A59D5 /* Library.swift */; };
		A261D00A24B94512009A59D5 /* CircleImage.swift in Sources */ = {isa = PBXBuildFile; fileRef = A261D00924B94512009A59D5 /* CircleImage.swift */; };
		A261D00C24B94533009A59D5 /* CoverPhoto.swift in Sources */ = {isa = PBXBuildFile; fileRef = A261D00B24B94533009A59D5 /* CoverPhoto.swift */; };
		A261D00E24B94551009A59D5 /* Home.swift in Sources */ = {isa = PBXBuildFile; fileRef = A261D00D24B94551009A59D5 /* Home.swift */; };
		A261D01024B945A5009A59D5 /* GameCell.swift in Sources */ = {isa = PBXBuildFile; fileRef = A261D00F24B945A5009A59D5 /* GameCell.swift */; };
		A261D01524B9463C009A59D5 /* SettingsOptionRow.swift in Sources */ = {isa = PBXBuildFile; fileRef = A261D01424B9463C009A59D5 /* SettingsOptionRow.swift */; };
		A261D01724B9467E009A59D5 /* EmbeddedContactPickerViewController.swift in Sources */ = {isa = PBXBuildFile; fileRef = A261D01624B9467E009A59D5 /* EmbeddedContactPickerViewController.swift */; };
		A261D01924B94698009A59D5 /* EmbeddedContactPicker.swift in Sources */ = {isa = PBXBuildFile; fileRef = A261D01824B94698009A59D5 /* EmbeddedContactPicker.swift */; };
		A261D01B24B946BA009A59D5 /* Contact.swift in Sources */ = {isa = PBXBuildFile; fileRef = A261D01A24B946BA009A59D5 /* Contact.swift */; };
		A261D01E24B94741009A59D5 /* AssignMainContactView.swift in Sources */ = {isa = PBXBuildFile; fileRef = A261D01D24B94741009A59D5 /* AssignMainContactView.swift */; };
		A261D02024B94758009A59D5 /* AssignBackupContactsView.swift in Sources */ = {isa = PBXBuildFile; fileRef = A261D01F24B94758009A59D5 /* AssignBackupContactsView.swift */; };
		A261D02224B94772009A59D5 /* BackupContactRow.swift in Sources */ = {isa = PBXBuildFile; fileRef = A261D02124B94772009A59D5 /* BackupContactRow.swift */; };
		A261D02524B947B4009A59D5 /* Settings.swift in Sources */ = {isa = PBXBuildFile; fileRef = A261D02424B947B4009A59D5 /* Settings.swift */; };
		A261D03024B9490E009A59D5 /* Messages.framework in Frameworks */ = {isa = PBXBuildFile; fileRef = A261D02F24B9490E009A59D5 /* Messages.framework */; };
		A261D03324B9490E009A59D5 /* MessagesViewController.swift in Sources */ = {isa = PBXBuildFile; fileRef = A261D03224B9490E009A59D5 /* MessagesViewController.swift */; };
		A261D03624B9490E009A59D5 /* MainInterface.storyboard in Resources */ = {isa = PBXBuildFile; fileRef = A261D03424B9490E009A59D5 /* MainInterface.storyboard */; };
		A261D03824B9490F009A59D5 /* Assets.xcassets in Resources */ = {isa = PBXBuildFile; fileRef = A261D03724B9490F009A59D5 /* Assets.xcassets */; };
		A261D03C24B9490F009A59D5 /* GameSafe-iMessage-Extension.appex in Embed App Extensions */ = {isa = PBXBuildFile; fileRef = A261D02D24B9490E009A59D5 /* GameSafe-iMessage-Extension.appex */; settings = {ATTRIBUTES = (RemoveHeadersOnCopy, ); }; };
		A261D04224B94ADE009A59D5 /* DecoyViewController.swift in Sources */ = {isa = PBXBuildFile; fileRef = A261D04124B94ADE009A59D5 /* DecoyViewController.swift */; };
		A261D04424BE1934009A59D5 /* Difficulty.swift in Sources */ = {isa = PBXBuildFile; fileRef = A261D04324BE1934009A59D5 /* Difficulty.swift */; };
		A261D04624BE21C1009A59D5 /* SetDifficultyAlertView.swift in Sources */ = {isa = PBXBuildFile; fileRef = A261D04524BE21C1009A59D5 /* SetDifficultyAlertView.swift */; };
/* End PBXBuildFile section */

/* Begin PBXContainerItemProxy section */
		A261D03A24B9490F009A59D5 /* PBXContainerItemProxy */ = {
			isa = PBXContainerItemProxy;
			containerPortal = A261CFE024B942D3009A59D5 /* Project object */;
			proxyType = 1;
			remoteGlobalIDString = A261D02C24B9490E009A59D5;
			remoteInfo = "GameSafe-iMessage-Extension";
		};
/* End PBXContainerItemProxy section */

/* Begin PBXCopyFilesBuildPhase section */
		A261D04024B9490F009A59D5 /* Embed App Extensions */ = {
			isa = PBXCopyFilesBuildPhase;
			buildActionMask = 2147483647;
			dstPath = "";
			dstSubfolderSpec = 13;
			files = (
				A261D03C24B9490F009A59D5 /* GameSafe-iMessage-Extension.appex in Embed App Extensions */,
			);
			name = "Embed App Extensions";
			runOnlyForDeploymentPostprocessing = 0;
		};
/* End PBXCopyFilesBuildPhase section */

/* Begin PBXFileReference section */
		A242CF0924C7652A007AF08D /* EditDifficultyMessage.swift */ = {isa = PBXFileReference; lastKnownFileType = sourcecode.swift; path = EditDifficultyMessage.swift; sourceTree = "<group>"; };
		A242CF0B24C7658B007AF08D /* MultilineTextView.swift */ = {isa = PBXFileReference; lastKnownFileType = sourcecode.swift; path = MultilineTextView.swift; sourceTree = "<group>"; };
		A261CFE824B942D3009A59D5 /* GameSafe.app */ = {isa = PBXFileReference; explicitFileType = wrapper.application; includeInIndex = 0; path = GameSafe.app; sourceTree = BUILT_PRODUCTS_DIR; };
		A261CFEB24B942D3009A59D5 /* AppDelegate.swift */ = {isa = PBXFileReference; lastKnownFileType = sourcecode.swift; path = AppDelegate.swift; sourceTree = "<group>"; };
		A261CFED24B942D3009A59D5 /* SceneDelegate.swift */ = {isa = PBXFileReference; lastKnownFileType = sourcecode.swift; path = SceneDelegate.swift; sourceTree = "<group>"; };
		A261CFEF24B942D3009A59D5 /* ContentView.swift */ = {isa = PBXFileReference; lastKnownFileType = sourcecode.swift; path = ContentView.swift; sourceTree = "<group>"; };
		A261CFF124B942D3009A59D5 /* Assets.xcassets */ = {isa = PBXFileReference; lastKnownFileType = folder.assetcatalog; path = Assets.xcassets; sourceTree = "<group>"; };
		A261CFF424B942D3009A59D5 /* Preview Assets.xcassets */ = {isa = PBXFileReference; lastKnownFileType = folder.assetcatalog; path = "Preview Assets.xcassets"; sourceTree = "<group>"; };
		A261CFF724B942D3009A59D5 /* Base */ = {isa = PBXFileReference; lastKnownFileType = file.storyboard; name = Base; path = Base.lproj/LaunchScreen.storyboard; sourceTree = "<group>"; };
		A261CFF924B942D3009A59D5 /* Info.plist */ = {isa = PBXFileReference; lastKnownFileType = text.plist.xml; path = Info.plist; sourceTree = "<group>"; };
		A261D00124B94360009A59D5 /* QuickStartButton.swift */ = {isa = PBXFileReference; lastKnownFileType = sourcecode.swift; path = QuickStartButton.swift; sourceTree = "<group>"; };
		A261D00324B94464009A59D5 /* MessagesComposeView.swift */ = {isa = PBXFileReference; lastKnownFileType = sourcecode.swift; path = MessagesComposeView.swift; sourceTree = "<group>"; };
		A261D00524B9449F009A59D5 /* Library.swift */ = {isa = PBXFileReference; lastKnownFileType = sourcecode.swift; path = Library.swift; sourceTree = "<group>"; };
		A261D00924B94512009A59D5 /* CircleImage.swift */ = {isa = PBXFileReference; lastKnownFileType = sourcecode.swift; path = CircleImage.swift; sourceTree = "<group>"; };
		A261D00B24B94533009A59D5 /* CoverPhoto.swift */ = {isa = PBXFileReference; lastKnownFileType = sourcecode.swift; path = CoverPhoto.swift; sourceTree = "<group>"; };
		A261D00D24B94551009A59D5 /* Home.swift */ = {isa = PBXFileReference; lastKnownFileType = sourcecode.swift; path = Home.swift; sourceTree = "<group>"; };
		A261D00F24B945A5009A59D5 /* GameCell.swift */ = {isa = PBXFileReference; lastKnownFileType = sourcecode.swift; path = GameCell.swift; sourceTree = "<group>"; };
		A261D01424B9463C009A59D5 /* SettingsOptionRow.swift */ = {isa = PBXFileReference; lastKnownFileType = sourcecode.swift; path = SettingsOptionRow.swift; sourceTree = "<group>"; };
		A261D01624B9467E009A59D5 /* EmbeddedContactPickerViewController.swift */ = {isa = PBXFileReference; lastKnownFileType = sourcecode.swift; path = EmbeddedContactPickerViewController.swift; sourceTree = "<group>"; };
		A261D01824B94698009A59D5 /* EmbeddedContactPicker.swift */ = {isa = PBXFileReference; lastKnownFileType = sourcecode.swift; path = EmbeddedContactPicker.swift; sourceTree = "<group>"; };
		A261D01A24B946BA009A59D5 /* Contact.swift */ = {isa = PBXFileReference; lastKnownFileType = sourcecode.swift; path = Contact.swift; sourceTree = "<group>"; };
		A261D01D24B94741009A59D5 /* AssignMainContactView.swift */ = {isa = PBXFileReference; lastKnownFileType = sourcecode.swift; path = AssignMainContactView.swift; sourceTree = "<group>"; };
		A261D01F24B94758009A59D5 /* AssignBackupContactsView.swift */ = {isa = PBXFileReference; lastKnownFileType = sourcecode.swift; path = AssignBackupContactsView.swift; sourceTree = "<group>"; };
		A261D02124B94772009A59D5 /* BackupContactRow.swift */ = {isa = PBXFileReference; lastKnownFileType = sourcecode.swift; path = BackupContactRow.swift; sourceTree = "<group>"; };
		A261D02424B947B4009A59D5 /* Settings.swift */ = {isa = PBXFileReference; lastKnownFileType = sourcecode.swift; path = Settings.swift; sourceTree = "<group>"; };
		A261D02D24B9490E009A59D5 /* GameSafe-iMessage-Extension.appex */ = {isa = PBXFileReference; explicitFileType = "wrapper.app-extension"; includeInIndex = 0; path = "GameSafe-iMessage-Extension.appex"; sourceTree = BUILT_PRODUCTS_DIR; };
		A261D02F24B9490E009A59D5 /* Messages.framework */ = {isa = PBXFileReference; lastKnownFileType = wrapper.framework; name = Messages.framework; path = System/Library/Frameworks/Messages.framework; sourceTree = SDKROOT; };
		A261D03224B9490E009A59D5 /* MessagesViewController.swift */ = {isa = PBXFileReference; lastKnownFileType = sourcecode.swift; path = MessagesViewController.swift; sourceTree = "<group>"; };
		A261D03524B9490E009A59D5 /* Base */ = {isa = PBXFileReference; lastKnownFileType = file.storyboard; name = Base; path = Base.lproj/MainInterface.storyboard; sourceTree = "<group>"; };
		A261D03724B9490F009A59D5 /* Assets.xcassets */ = {isa = PBXFileReference; lastKnownFileType = folder.assetcatalog; path = Assets.xcassets; sourceTree = "<group>"; };
		A261D03924B9490F009A59D5 /* Info.plist */ = {isa = PBXFileReference; lastKnownFileType = text.plist.xml; path = Info.plist; sourceTree = "<group>"; };
		A261D04124B94ADE009A59D5 /* DecoyViewController.swift */ = {isa = PBXFileReference; lastKnownFileType = sourcecode.swift; path = DecoyViewController.swift; sourceTree = "<group>"; };
		A261D04324BE1934009A59D5 /* Difficulty.swift */ = {isa = PBXFileReference; lastKnownFileType = sourcecode.swift; path = Difficulty.swift; sourceTree = "<group>"; };
		A261D04524BE21C1009A59D5 /* SetDifficultyAlertView.swift */ = {isa = PBXFileReference; lastKnownFileType = sourcecode.swift; path = SetDifficultyAlertView.swift; sourceTree = "<group>"; };
/* End PBXFileReference section */

/* Begin PBXFrameworksBuildPhase section */
		A261CFE524B942D3009A59D5 /* Frameworks */ = {
			isa = PBXFrameworksBuildPhase;
			buildActionMask = 2147483647;
			files = (
				A242CF0F24C7A015007AF08D /* TextView in Frameworks */,
			);
			runOnlyForDeploymentPostprocessing = 0;
		};
		A261D02A24B9490E009A59D5 /* Frameworks */ = {
			isa = PBXFrameworksBuildPhase;
			buildActionMask = 2147483647;
			files = (
				A261D03024B9490E009A59D5 /* Messages.framework in Frameworks */,
			);
			runOnlyForDeploymentPostprocessing = 0;
		};
/* End PBXFrameworksBuildPhase section */

/* Begin PBXGroup section */
		A261CFDF24B942D3009A59D5 = {
			isa = PBXGroup;
			children = (
				A261CFEA24B942D3009A59D5 /* GameSafe */,
				A261D03124B9490E009A59D5 /* GameSafe-iMessage-Extension */,
				A261D02E24B9490E009A59D5 /* Frameworks */,
				A261CFE924B942D3009A59D5 /* Products */,
			);
			sourceTree = "<group>";
		};
		A261CFE924B942D3009A59D5 /* Products */ = {
			isa = PBXGroup;
			children = (
				A261CFE824B942D3009A59D5 /* GameSafe.app */,
				A261D02D24B9490E009A59D5 /* GameSafe-iMessage-Extension.appex */,
			);
			name = Products;
			sourceTree = "<group>";
		};
		A261CFEA24B942D3009A59D5 /* GameSafe */ = {
			isa = PBXGroup;
			children = (
				A261D01C24B946C5009A59D5 /* Models */,
				A261D02824B947FD009A59D5 /* Views */,
				A261CFEB24B942D3009A59D5 /* AppDelegate.swift */,
				A261CFED24B942D3009A59D5 /* SceneDelegate.swift */,
				A261CFEF24B942D3009A59D5 /* ContentView.swift */,
				A261CFF124B942D3009A59D5 /* Assets.xcassets */,
				A261CFF624B942D3009A59D5 /* LaunchScreen.storyboard */,
				A261CFF924B942D3009A59D5 /* Info.plist */,
				A261CFF324B942D3009A59D5 /* Preview Content */,
			);
			path = GameSafe;
			sourceTree = "<group>";
		};
		A261CFF324B942D3009A59D5 /* Preview Content */ = {
			isa = PBXGroup;
			children = (
				A261CFF424B942D3009A59D5 /* Preview Assets.xcassets */,
			);
			path = "Preview Content";
			sourceTree = "<group>";
		};
		A261D00724B944AD009A59D5 /* Library */ = {
			isa = PBXGroup;
			children = (
				A261D00824B944B5009A59D5 /* LibrarySubViews */,
				A261D00524B9449F009A59D5 /* Library.swift */,
			);
			path = Library;
			sourceTree = "<group>";
		};
		A261D00824B944B5009A59D5 /* LibrarySubViews */ = {
			isa = PBXGroup;
			children = (
				A261D00124B94360009A59D5 /* QuickStartButton.swift */,
				A261D00324B94464009A59D5 /* MessagesComposeView.swift */,
			);
			path = LibrarySubViews;
			sourceTree = "<group>";
		};
		A261D01124B945B5009A59D5 /* Home */ = {
			isa = PBXGroup;
			children = (
				A261D01224B945BE009A59D5 /* HomeSubViews */,
				A261D00D24B94551009A59D5 /* Home.swift */,
			);
			path = Home;
			sourceTree = "<group>";
		};
		A261D01224B945BE009A59D5 /* HomeSubViews */ = {
			isa = PBXGroup;
			children = (
				A261D00924B94512009A59D5 /* CircleImage.swift */,
				A261D00B24B94533009A59D5 /* CoverPhoto.swift */,
			);
			path = HomeSubViews;
			sourceTree = "<group>";
		};
		A261D01324B945C7009A59D5 /* SupportingViews */ = {
			isa = PBXGroup;
			children = (
				A261D00F24B945A5009A59D5 /* GameCell.swift */,
				A242CF0B24C7658B007AF08D /* MultilineTextView.swift */,
			);
			path = SupportingViews;
			sourceTree = "<group>";
		};
		A261D01C24B946C5009A59D5 /* Models */ = {
			isa = PBXGroup;
			children = (
				A261D01A24B946BA009A59D5 /* Contact.swift */,
				A261D04324BE1934009A59D5 /* Difficulty.swift */,
			);
			path = Models;
			sourceTree = "<group>";
		};
		A261D02324B9479B009A59D5 /* ContactViews */ = {
			isa = PBXGroup;
			children = (
				A261D01624B9467E009A59D5 /* EmbeddedContactPickerViewController.swift */,
				A261D01824B94698009A59D5 /* EmbeddedContactPicker.swift */,
				A261D01D24B94741009A59D5 /* AssignMainContactView.swift */,
				A261D01F24B94758009A59D5 /* AssignBackupContactsView.swift */,
				A261D02124B94772009A59D5 /* BackupContactRow.swift */,
			);
			path = ContactViews;
			sourceTree = "<group>";
		};
		A261D02624B947C1009A59D5 /* Settings */ = {
			isa = PBXGroup;
			children = (
				A261D02424B947B4009A59D5 /* Settings.swift */,
				A261D02724B947C8009A59D5 /* SettingsSubViews */,
				A261D02324B9479B009A59D5 /* ContactViews */,
				A261D04524BE21C1009A59D5 /* SetDifficultyAlertView.swift */,
				A242CF0924C7652A007AF08D /* EditDifficultyMessage.swift */,
			);
			path = Settings;
			sourceTree = "<group>";
		};
		A261D02724B947C8009A59D5 /* SettingsSubViews */ = {
			isa = PBXGroup;
			children = (
				A261D01424B9463C009A59D5 /* SettingsOptionRow.swift */,
			);
			path = SettingsSubViews;
			sourceTree = "<group>";
		};
		A261D02824B947FD009A59D5 /* Views */ = {
			isa = PBXGroup;
			children = (
				A261D00724B944AD009A59D5 /* Library */,
				A261D01124B945B5009A59D5 /* Home */,
				A261D02624B947C1009A59D5 /* Settings */,
				A261D01324B945C7009A59D5 /* SupportingViews */,
			);
			path = Views;
			sourceTree = "<group>";
		};
		A261D02E24B9490E009A59D5 /* Frameworks */ = {
			isa = PBXGroup;
			children = (
				A261D02F24B9490E009A59D5 /* Messages.framework */,
			);
			name = Frameworks;
			sourceTree = "<group>";
		};
		A261D03124B9490E009A59D5 /* GameSafe-iMessage-Extension */ = {
			isa = PBXGroup;
			children = (
				A261D03224B9490E009A59D5 /* MessagesViewController.swift */,
				A261D03424B9490E009A59D5 /* MainInterface.storyboard */,
				A261D03724B9490F009A59D5 /* Assets.xcassets */,
				A261D03924B9490F009A59D5 /* Info.plist */,
				A261D04124B94ADE009A59D5 /* DecoyViewController.swift */,
			);
			path = "GameSafe-iMessage-Extension";
			sourceTree = "<group>";
		};
/* End PBXGroup section */

/* Begin PBXNativeTarget section */
		A261CFE724B942D3009A59D5 /* GameSafe */ = {
			isa = PBXNativeTarget;
			buildConfigurationList = A261CFFC24B942D3009A59D5 /* Build configuration list for PBXNativeTarget "GameSafe" */;
			buildPhases = (
				A261CFE424B942D3009A59D5 /* Sources */,
				A261CFE524B942D3009A59D5 /* Frameworks */,
				A261CFE624B942D3009A59D5 /* Resources */,
				A261D04024B9490F009A59D5 /* Embed App Extensions */,
			);
			buildRules = (
			);
			dependencies = (
				A261D03B24B9490F009A59D5 /* PBXTargetDependency */,
			);
			name = GameSafe;
			packageProductDependencies = (
				A242CF0E24C7A015007AF08D /* TextView */,
			);
			productName = GameSafe;
			productReference = A261CFE824B942D3009A59D5 /* GameSafe.app */;
			productType = "com.apple.product-type.application";
		};
		A261D02C24B9490E009A59D5 /* GameSafe-iMessage-Extension */ = {
			isa = PBXNativeTarget;
			buildConfigurationList = A261D03D24B9490F009A59D5 /* Build configuration list for PBXNativeTarget "GameSafe-iMessage-Extension" */;
			buildPhases = (
				A261D02924B9490E009A59D5 /* Sources */,
				A261D02A24B9490E009A59D5 /* Frameworks */,
				A261D02B24B9490E009A59D5 /* Resources */,
			);
			buildRules = (
			);
			dependencies = (
			);
			name = "GameSafe-iMessage-Extension";
			productName = "GameSafe-iMessage-Extension";
			productReference = A261D02D24B9490E009A59D5 /* GameSafe-iMessage-Extension.appex */;
			productType = "com.apple.product-type.app-extension.messages";
		};
/* End PBXNativeTarget section */

/* Begin PBXProject section */
		A261CFE024B942D3009A59D5 /* Project object */ = {
			isa = PBXProject;
			attributes = {
				LastSwiftUpdateCheck = 1150;
				LastUpgradeCheck = 1150;
				ORGANIZATIONNAME = Shillwil;
				TargetAttributes = {
					A261CFE724B942D3009A59D5 = {
						CreatedOnToolsVersion = 11.5;
					};
					A261D02C24B9490E009A59D5 = {
						CreatedOnToolsVersion = 11.5;
					};
				};
			};
			buildConfigurationList = A261CFE324B942D3009A59D5 /* Build configuration list for PBXProject "GameSafe" */;
			compatibilityVersion = "Xcode 9.3";
			developmentRegion = en;
			hasScannedForEncodings = 0;
			knownRegions = (
				en,
				Base,
			);
			mainGroup = A261CFDF24B942D3009A59D5;
			packageReferences = (
				A242CF0D24C7A015007AF08D /* XCRemoteSwiftPackageReference "TextView" */,
			);
			productRefGroup = A261CFE924B942D3009A59D5 /* Products */;
			projectDirPath = "";
			projectRoot = "";
			targets = (
				A261CFE724B942D3009A59D5 /* GameSafe */,
				A261D02C24B9490E009A59D5 /* GameSafe-iMessage-Extension */,
			);
		};
/* End PBXProject section */

/* Begin PBXResourcesBuildPhase section */
		A261CFE624B942D3009A59D5 /* Resources */ = {
			isa = PBXResourcesBuildPhase;
			buildActionMask = 2147483647;
			files = (
				A261CFF824B942D3009A59D5 /* LaunchScreen.storyboard in Resources */,
				A261CFF524B942D3009A59D5 /* Preview Assets.xcassets in Resources */,
				A261CFF224B942D3009A59D5 /* Assets.xcassets in Resources */,
			);
			runOnlyForDeploymentPostprocessing = 0;
		};
		A261D02B24B9490E009A59D5 /* Resources */ = {
			isa = PBXResourcesBuildPhase;
			buildActionMask = 2147483647;
			files = (
				A261D03824B9490F009A59D5 /* Assets.xcassets in Resources */,
				A261D03624B9490E009A59D5 /* MainInterface.storyboard in Resources */,
			);
			runOnlyForDeploymentPostprocessing = 0;
		};
/* End PBXResourcesBuildPhase section */

/* Begin PBXSourcesBuildPhase section */
		A261CFE424B942D3009A59D5 /* Sources */ = {
			isa = PBXSourcesBuildPhase;
			buildActionMask = 2147483647;
			files = (
				A261D00224B94360009A59D5 /* QuickStartButton.swift in Sources */,
				A261D00424B94464009A59D5 /* MessagesComposeView.swift in Sources */,
				A261CFEC24B942D3009A59D5 /* AppDelegate.swift in Sources */,
				A242CF0C24C7658B007AF08D /* MultilineTextView.swift in Sources */,
				A261D00A24B94512009A59D5 /* CircleImage.swift in Sources */,
				A261D00E24B94551009A59D5 /* Home.swift in Sources */,
				A261D04624BE21C1009A59D5 /* SetDifficultyAlertView.swift in Sources */,
				A261D01524B9463C009A59D5 /* SettingsOptionRow.swift in Sources */,
				A261D02524B947B4009A59D5 /* Settings.swift in Sources */,
				A261D01B24B946BA009A59D5 /* Contact.swift in Sources */,
				A261D01924B94698009A59D5 /* EmbeddedContactPicker.swift in Sources */,
				A261D01024B945A5009A59D5 /* GameCell.swift in Sources */,
				A242CF0A24C7652A007AF08D /* EditDifficultyMessage.swift in Sources */,
				A261D00C24B94533009A59D5 /* CoverPhoto.swift in Sources */,
				A261CFEE24B942D3009A59D5 /* SceneDelegate.swift in Sources */,
				A261D02224B94772009A59D5 /* BackupContactRow.swift in Sources */,
				A261CFF024B942D3009A59D5 /* ContentView.swift in Sources */,
				A261D00624B9449F009A59D5 /* Library.swift in Sources */,
				A261D01724B9467E009A59D5 /* EmbeddedContactPickerViewController.swift in Sources */,
				A261D04424BE1934009A59D5 /* Difficulty.swift in Sources */,
				A261D02024B94758009A59D5 /* AssignBackupContactsView.swift in Sources */,
				A261D01E24B94741009A59D5 /* AssignMainContactView.swift in Sources */,
			);
			runOnlyForDeploymentPostprocessing = 0;
		};
		A261D02924B9490E009A59D5 /* Sources */ = {
			isa = PBXSourcesBuildPhase;
			buildActionMask = 2147483647;
			files = (
				A261D03324B9490E009A59D5 /* MessagesViewController.swift in Sources */,
				A261D04224B94ADE009A59D5 /* DecoyViewController.swift in Sources */,
			);
			runOnlyForDeploymentPostprocessing = 0;
		};
/* End PBXSourcesBuildPhase section */

/* Begin PBXTargetDependency section */
		A261D03B24B9490F009A59D5 /* PBXTargetDependency */ = {
			isa = PBXTargetDependency;
			target = A261D02C24B9490E009A59D5 /* GameSafe-iMessage-Extension */;
			targetProxy = A261D03A24B9490F009A59D5 /* PBXContainerItemProxy */;
		};
/* End PBXTargetDependency section */

/* Begin PBXVariantGroup section */
		A261CFF624B942D3009A59D5 /* LaunchScreen.storyboard */ = {
			isa = PBXVariantGroup;
			children = (
				A261CFF724B942D3009A59D5 /* Base */,
			);
			name = LaunchScreen.storyboard;
			sourceTree = "<group>";
		};
		A261D03424B9490E009A59D5 /* MainInterface.storyboard */ = {
			isa = PBXVariantGroup;
			children = (
				A261D03524B9490E009A59D5 /* Base */,
			);
			name = MainInterface.storyboard;
			sourceTree = "<group>";
		};
/* End PBXVariantGroup section */

/* Begin XCBuildConfiguration section */
		A261CFFA24B942D3009A59D5 /* Debug */ = {
			isa = XCBuildConfiguration;
			buildSettings = {
				ALWAYS_SEARCH_USER_PATHS = NO;
				CLANG_ANALYZER_NONNULL = YES;
				CLANG_ANALYZER_NUMBER_OBJECT_CONVERSION = YES_AGGRESSIVE;
				CLANG_CXX_LANGUAGE_STANDARD = "gnu++14";
				CLANG_CXX_LIBRARY = "libc++";
				CLANG_ENABLE_MODULES = YES;
				CLANG_ENABLE_OBJC_ARC = YES;
				CLANG_ENABLE_OBJC_WEAK = YES;
				CLANG_WARN_BLOCK_CAPTURE_AUTORELEASING = YES;
				CLANG_WARN_BOOL_CONVERSION = YES;
				CLANG_WARN_COMMA = YES;
				CLANG_WARN_CONSTANT_CONVERSION = YES;
				CLANG_WARN_DEPRECATED_OBJC_IMPLEMENTATIONS = YES;
				CLANG_WARN_DIRECT_OBJC_ISA_USAGE = YES_ERROR;
				CLANG_WARN_DOCUMENTATION_COMMENTS = YES;
				CLANG_WARN_EMPTY_BODY = YES;
				CLANG_WARN_ENUM_CONVERSION = YES;
				CLANG_WARN_INFINITE_RECURSION = YES;
				CLANG_WARN_INT_CONVERSION = YES;
				CLANG_WARN_NON_LITERAL_NULL_CONVERSION = YES;
				CLANG_WARN_OBJC_IMPLICIT_RETAIN_SELF = YES;
				CLANG_WARN_OBJC_LITERAL_CONVERSION = YES;
				CLANG_WARN_OBJC_ROOT_CLASS = YES_ERROR;
				CLANG_WARN_RANGE_LOOP_ANALYSIS = YES;
				CLANG_WARN_STRICT_PROTOTYPES = YES;
				CLANG_WARN_SUSPICIOUS_MOVE = YES;
				CLANG_WARN_UNGUARDED_AVAILABILITY = YES_AGGRESSIVE;
				CLANG_WARN_UNREACHABLE_CODE = YES;
				CLANG_WARN__DUPLICATE_METHOD_MATCH = YES;
				COPY_PHASE_STRIP = NO;
				DEBUG_INFORMATION_FORMAT = dwarf;
				ENABLE_STRICT_OBJC_MSGSEND = YES;
				ENABLE_TESTABILITY = YES;
				GCC_C_LANGUAGE_STANDARD = gnu11;
				GCC_DYNAMIC_NO_PIC = NO;
				GCC_NO_COMMON_BLOCKS = YES;
				GCC_OPTIMIZATION_LEVEL = 0;
				GCC_PREPROCESSOR_DEFINITIONS = (
					"DEBUG=1",
					"$(inherited)",
				);
				GCC_WARN_64_TO_32_BIT_CONVERSION = YES;
				GCC_WARN_ABOUT_RETURN_TYPE = YES_ERROR;
				GCC_WARN_UNDECLARED_SELECTOR = YES;
				GCC_WARN_UNINITIALIZED_AUTOS = YES_AGGRESSIVE;
				GCC_WARN_UNUSED_FUNCTION = YES;
				GCC_WARN_UNUSED_VARIABLE = YES;
				IPHONEOS_DEPLOYMENT_TARGET = 13.5;
				MTL_ENABLE_DEBUG_INFO = INCLUDE_SOURCE;
				MTL_FAST_MATH = YES;
				ONLY_ACTIVE_ARCH = YES;
				SDKROOT = iphoneos;
				SWIFT_ACTIVE_COMPILATION_CONDITIONS = DEBUG;
				SWIFT_OPTIMIZATION_LEVEL = "-Onone";
			};
			name = Debug;
		};
		A261CFFB24B942D3009A59D5 /* Release */ = {
			isa = XCBuildConfiguration;
			buildSettings = {
				ALWAYS_SEARCH_USER_PATHS = NO;
				CLANG_ANALYZER_NONNULL = YES;
				CLANG_ANALYZER_NUMBER_OBJECT_CONVERSION = YES_AGGRESSIVE;
				CLANG_CXX_LANGUAGE_STANDARD = "gnu++14";
				CLANG_CXX_LIBRARY = "libc++";
				CLANG_ENABLE_MODULES = YES;
				CLANG_ENABLE_OBJC_ARC = YES;
				CLANG_ENABLE_OBJC_WEAK = YES;
				CLANG_WARN_BLOCK_CAPTURE_AUTORELEASING = YES;
				CLANG_WARN_BOOL_CONVERSION = YES;
				CLANG_WARN_COMMA = YES;
				CLANG_WARN_CONSTANT_CONVERSION = YES;
				CLANG_WARN_DEPRECATED_OBJC_IMPLEMENTATIONS = YES;
				CLANG_WARN_DIRECT_OBJC_ISA_USAGE = YES_ERROR;
				CLANG_WARN_DOCUMENTATION_COMMENTS = YES;
				CLANG_WARN_EMPTY_BODY = YES;
				CLANG_WARN_ENUM_CONVERSION = YES;
				CLANG_WARN_INFINITE_RECURSION = YES;
				CLANG_WARN_INT_CONVERSION = YES;
				CLANG_WARN_NON_LITERAL_NULL_CONVERSION = YES;
				CLANG_WARN_OBJC_IMPLICIT_RETAIN_SELF = YES;
				CLANG_WARN_OBJC_LITERAL_CONVERSION = YES;
				CLANG_WARN_OBJC_ROOT_CLASS = YES_ERROR;
				CLANG_WARN_RANGE_LOOP_ANALYSIS = YES;
				CLANG_WARN_STRICT_PROTOTYPES = YES;
				CLANG_WARN_SUSPICIOUS_MOVE = YES;
				CLANG_WARN_UNGUARDED_AVAILABILITY = YES_AGGRESSIVE;
				CLANG_WARN_UNREACHABLE_CODE = YES;
				CLANG_WARN__DUPLICATE_METHOD_MATCH = YES;
				COPY_PHASE_STRIP = NO;
				DEBUG_INFORMATION_FORMAT = "dwarf-with-dsym";
				ENABLE_NS_ASSERTIONS = NO;
				ENABLE_STRICT_OBJC_MSGSEND = YES;
				GCC_C_LANGUAGE_STANDARD = gnu11;
				GCC_NO_COMMON_BLOCKS = YES;
				GCC_WARN_64_TO_32_BIT_CONVERSION = YES;
				GCC_WARN_ABOUT_RETURN_TYPE = YES_ERROR;
				GCC_WARN_UNDECLARED_SELECTOR = YES;
				GCC_WARN_UNINITIALIZED_AUTOS = YES_AGGRESSIVE;
				GCC_WARN_UNUSED_FUNCTION = YES;
				GCC_WARN_UNUSED_VARIABLE = YES;
				IPHONEOS_DEPLOYMENT_TARGET = 13.5;
				MTL_ENABLE_DEBUG_INFO = NO;
				MTL_FAST_MATH = YES;
				SDKROOT = iphoneos;
				SWIFT_COMPILATION_MODE = wholemodule;
				SWIFT_OPTIMIZATION_LEVEL = "-O";
				VALIDATE_PRODUCT = YES;
			};
			name = Release;
		};
		A261CFFD24B942D3009A59D5 /* Debug */ = {
			isa = XCBuildConfiguration;
			buildSettings = {
				ALWAYS_EMBED_SWIFT_STANDARD_LIBRARIES = YES;
				ASSETCATALOG_COMPILER_APPICON_NAME = AppIcon;
				CODE_SIGN_STYLE = Automatic;
				DEVELOPMENT_ASSET_PATHS = "\"GameSafe/Preview Content\"";
				DEVELOPMENT_TEAM = TX86F6EBCJ;
				ENABLE_PREVIEWS = YES;
				INFOPLIST_FILE = GameSafe/Info.plist;
				LD_RUNPATH_SEARCH_PATHS = (
					"$(inherited)",
					"@executable_path/Frameworks",
				);
				PRODUCT_BUNDLE_IDENTIFIER = com.manmademillenial.GameSafe;
				PRODUCT_NAME = "$(TARGET_NAME)";
				SWIFT_VERSION = 5.0;
				TARGETED_DEVICE_FAMILY = "1,2";
			};
			name = Debug;
		};
		A261CFFE24B942D3009A59D5 /* Release */ = {
			isa = XCBuildConfiguration;
			buildSettings = {
				ALWAYS_EMBED_SWIFT_STANDARD_LIBRARIES = YES;
				ASSETCATALOG_COMPILER_APPICON_NAME = AppIcon;
				CODE_SIGN_STYLE = Automatic;
				DEVELOPMENT_ASSET_PATHS = "\"GameSafe/Preview Content\"";
				DEVELOPMENT_TEAM = TX86F6EBCJ;
				ENABLE_PREVIEWS = YES;
				INFOPLIST_FILE = GameSafe/Info.plist;
				LD_RUNPATH_SEARCH_PATHS = (
					"$(inherited)",
					"@executable_path/Frameworks",
				);
				PRODUCT_BUNDLE_IDENTIFIER = com.manmademillenial.GameSafe;
				PRODUCT_NAME = "$(TARGET_NAME)";
				SWIFT_VERSION = 5.0;
				TARGETED_DEVICE_FAMILY = "1,2";
			};
			name = Release;
		};
		A261D03E24B9490F009A59D5 /* Debug */ = {
			isa = XCBuildConfiguration;
			buildSettings = {
				ASSETCATALOG_COMPILER_APPICON_NAME = "iMessage App Icon";
				CODE_SIGN_STYLE = Automatic;
				DEVELOPMENT_TEAM = TX86F6EBCJ;
				INFOPLIST_FILE = "GameSafe-iMessage-Extension/Info.plist";
				LD_RUNPATH_SEARCH_PATHS = (
					"$(inherited)",
					"@executable_path/Frameworks",
					"@executable_path/../../Frameworks",
				);
				PRODUCT_BUNDLE_IDENTIFIER = "com.manmademillenial.GameSafe.GameSafe-iMessage-Extension";
				PRODUCT_NAME = "$(TARGET_NAME)";
				SKIP_INSTALL = YES;
				SWIFT_VERSION = 5.0;
				TARGETED_DEVICE_FAMILY = "1,2";
			};
			name = Debug;
		};
		A261D03F24B9490F009A59D5 /* Release */ = {
			isa = XCBuildConfiguration;
			buildSettings = {
				ASSETCATALOG_COMPILER_APPICON_NAME = "iMessage App Icon";
				CODE_SIGN_STYLE = Automatic;
				DEVELOPMENT_TEAM = TX86F6EBCJ;
				INFOPLIST_FILE = "GameSafe-iMessage-Extension/Info.plist";
				LD_RUNPATH_SEARCH_PATHS = (
					"$(inherited)",
					"@executable_path/Frameworks",
					"@executable_path/../../Frameworks",
				);
				PRODUCT_BUNDLE_IDENTIFIER = "com.manmademillenial.GameSafe.GameSafe-iMessage-Extension";
				PRODUCT_NAME = "$(TARGET_NAME)";
				SKIP_INSTALL = YES;
				SWIFT_VERSION = 5.0;
				TARGETED_DEVICE_FAMILY = "1,2";
			};
			name = Release;
		};
/* End XCBuildConfiguration section */

/* Begin XCConfigurationList section */
		A261CFE324B942D3009A59D5 /* Build configuration list for PBXProject "GameSafe" */ = {
			isa = XCConfigurationList;
			buildConfigurations = (
				A261CFFA24B942D3009A59D5 /* Debug */,
				A261CFFB24B942D3009A59D5 /* Release */,
			);
			defaultConfigurationIsVisible = 0;
			defaultConfigurationName = Release;
		};
		A261CFFC24B942D3009A59D5 /* Build configuration list for PBXNativeTarget "GameSafe" */ = {
			isa = XCConfigurationList;
			buildConfigurations = (
				A261CFFD24B942D3009A59D5 /* Debug */,
				A261CFFE24B942D3009A59D5 /* Release */,
			);
			defaultConfigurationIsVisible = 0;
			defaultConfigurationName = Release;
		};
		A261D03D24B9490F009A59D5 /* Build configuration list for PBXNativeTarget "GameSafe-iMessage-Extension" */ = {
			isa = XCConfigurationList;
			buildConfigurations = (
				A261D03E24B9490F009A59D5 /* Debug */,
				A261D03F24B9490F009A59D5 /* Release */,
			);
			defaultConfigurationIsVisible = 0;
			defaultConfigurationName = Release;
		};
/* End XCConfigurationList section */

/* Begin XCRemoteSwiftPackageReference section */
		A242CF0D24C7A015007AF08D /* XCRemoteSwiftPackageReference "TextView" */ = {
			isa = XCRemoteSwiftPackageReference;
			repositoryURL = "https://github.com/kenmueller/TextView";
			requirement = {
				branch = master;
				kind = branch;
			};
		};
/* End XCRemoteSwiftPackageReference section */

/* Begin XCSwiftPackageProductDependency section */
		A242CF0E24C7A015007AF08D /* TextView */ = {
			isa = XCSwiftPackageProductDependency;
			package = A242CF0D24C7A015007AF08D /* XCRemoteSwiftPackageReference "TextView" */;
			productName = TextView;
		};
/* End XCSwiftPackageProductDependency section */
	};
	rootObject = A261CFE024B942D3009A59D5 /* Project object */;
}
